
Microsoft Visual Studio Solution File, Format Version 12.00
# Visual Studio 14
VisualStudioVersion = 14.0.25123.0
MinimumVisualStudioVersion = 10.0.40219.1
Project("{FAE04EC0-301F-11D3-BF4B-00C04F79EFBC}") = "Bugsnag.NET", "Bugsnag.NET\Bugsnag.NET.csproj", "{C1DE70F2-BC01-4995-B262-2F3FB5104ACE}"
EndProject
Project("{FAE04EC0-301F-11D3-BF4B-00C04F79EFBC}") = "Bugsnag.NET.Tests", "Bugsnag.NET.Tests\Bugsnag.NET.Tests.csproj", "{EB060C93-0CF6-4964-A020-981BAFECD22E}"
EndProject
Project("{FAE04EC0-301F-11D3-BF4B-00C04F79EFBC}") = "Bugsnag.PCL", "Bugsnag.PCL\Bugsnag.PCL.csproj", "{75AD67EC-189F-4DF7-80A6-5DABC5B77A64}"
EndProject
Project("{2150E333-8FDC-42A3-9474-1A3956D46DE8}") = "Solution Items", "Solution Items", "{D2EF2E38-01B6-4A21-853B-C07C2582D637}"
	ProjectSection(SolutionItems) = preProject
		SharedAssemblyInfo.cs = SharedAssemblyInfo.cs
	EndProjectSection
EndProject
Global
	GlobalSection(SolutionConfigurationPlatforms) = preSolution
		Debug|Any CPU = Debug|Any CPU
		Debug|ARM = Debug|ARM
		Debug|x64 = Debug|x64
		Debug|x86 = Debug|x86
		Release|Any CPU = Release|Any CPU
		Release|ARM = Release|ARM
		Release|x64 = Release|x64
		Release|x86 = Release|x86
	EndGlobalSection
	GlobalSection(ProjectConfigurationPlatforms) = postSolution
		{C1DE70F2-BC01-4995-B262-2F3FB5104ACE}.Debug|Any CPU.ActiveCfg = Debug|Any CPU
		{C1DE70F2-BC01-4995-B262-2F3FB5104ACE}.Debug|Any CPU.Build.0 = Debug|Any CPU
		{C1DE70F2-BC01-4995-B262-2F3FB5104ACE}.Debug|ARM.ActiveCfg = Debug|Any CPU
		{C1DE70F2-BC01-4995-B262-2F3FB5104ACE}.Debug|ARM.Build.0 = Debug|Any CPU
		{C1DE70F2-BC01-4995-B262-2F3FB5104ACE}.Debug|x64.ActiveCfg = Debug|Any CPU
		{C1DE70F2-BC01-4995-B262-2F3FB5104ACE}.Debug|x64.Build.0 = Debug|Any CPU
		{C1DE70F2-BC01-4995-B262-2F3FB5104ACE}.Debug|x86.ActiveCfg = Debug|Any CPU
		{C1DE70F2-BC01-4995-B262-2F3FB5104ACE}.Debug|x86.Build.0 = Debug|Any CPU
		{C1DE70F2-BC01-4995-B262-2F3FB5104ACE}.Release|Any CPU.ActiveCfg = Release|Any CPU
		{C1DE70F2-BC01-4995-B262-2F3FB5104ACE}.Release|Any CPU.Build.0 = Release|Any CPU
		{C1DE70F2-BC01-4995-B262-2F3FB5104ACE}.Release|ARM.ActiveCfg = Release|Any CPU
		{C1DE70F2-BC01-4995-B262-2F3FB5104ACE}.Release|ARM.Build.0 = Release|Any CPU
		{C1DE70F2-BC01-4995-B262-2F3FB5104ACE}.Release|x64.ActiveCfg = Release|Any CPU
		{C1DE70F2-BC01-4995-B262-2F3FB5104ACE}.Release|x64.Build.0 = Release|Any CPU
		{C1DE70F2-BC01-4995-B262-2F3FB5104ACE}.Release|x86.ActiveCfg = Release|Any CPU
		{C1DE70F2-BC01-4995-B262-2F3FB5104ACE}.Release|x86.Build.0 = Release|Any CPU
		{EB060C93-0CF6-4964-A020-981BAFECD22E}.Debug|Any CPU.ActiveCfg = Debug|Any CPU
		{EB060C93-0CF6-4964-A020-981BAFECD22E}.Debug|Any CPU.Build.0 = Debug|Any CPU
		{EB060C93-0CF6-4964-A020-981BAFECD22E}.Debug|ARM.ActiveCfg = Debug|Any CPU
		{EB060C93-0CF6-4964-A020-981BAFECD22E}.Debug|ARM.Build.0 = Debug|Any CPU
		{EB060C93-0CF6-4964-A020-981BAFECD22E}.Debug|x64.ActiveCfg = Debug|Any CPU
		{EB060C93-0CF6-4964-A020-981BAFECD22E}.Debug|x64.Build.0 = Debug|Any CPU
		{EB060C93-0CF6-4964-A020-981BAFECD22E}.Debug|x86.ActiveCfg = Debug|Any CPU
		{EB060C93-0CF6-4964-A020-981BAFECD22E}.Debug|x86.Build.0 = Debug|Any CPU
		{EB060C93-0CF6-4964-A020-981BAFECD22E}.Release|Any CPU.ActiveCfg = Release|Any CPU
		{EB060C93-0CF6-4964-A020-981BAFECD22E}.Release|Any CPU.Build.0 = Release|Any CPU
		{EB060C93-0CF6-4964-A020-981BAFECD22E}.Release|ARM.ActiveCfg = Release|Any CPU
		{EB060C93-0CF6-4964-A020-981BAFECD22E}.Release|ARM.Build.0 = Release|Any CPU
		{EB060C93-0CF6-4964-A020-981BAFECD22E}.Release|x64.ActiveCfg = Release|Any CPU
		{EB060C93-0CF6-4964-A020-981BAFECD22E}.Release|x64.Build.0 = Release|Any CPU
		{EB060C93-0CF6-4964-A020-981BAFECD22E}.Release|x86.ActiveCfg = Release|Any CPU
		{EB060C93-0CF6-4964-A020-981BAFECD22E}.Release|x86.Build.0 = Release|Any CPU
		{75AD67EC-189F-4DF7-80A6-5DABC5B77A64}.Debug|Any CPU.ActiveCfg = Debug|Any CPU
		{75AD67EC-189F-4DF7-80A6-5DABC5B77A64}.Debug|Any CPU.Build.0 = Debug|Any CPU
		{75AD67EC-189F-4DF7-80A6-5DABC5B77A64}.Debug|ARM.ActiveCfg = Debug|Any CPU
		{75AD67EC-189F-4DF7-80A6-5DABC5B77A64}.Debug|ARM.Build.0 = Debug|Any CPU
		{75AD67EC-189F-4DF7-80A6-5DABC5B77A64}.Debug|x64.ActiveCfg = Debug|Any CPU
		{75AD67EC-189F-4DF7-80A6-5DABC5B77A64}.Debug|x64.Build.0 = Debug|Any CPU
		{75AD67EC-189F-4DF7-80A6-5DABC5B77A64}.Debug|x86.ActiveCfg = Debug|Any CPU
		{75AD67EC-189F-4DF7-80A6-5DABC5B77A64}.Debug|x86.Build.0 = Debug|Any CPU
		{75AD67EC-189F-4DF7-80A6-5DABC5B77A64}.Release|Any CPU.ActiveCfg = Release|Any CPU
		{75AD67EC-189F-4DF7-80A6-5DABC5B77A64}.Release|Any CPU.Build.0 = Release|Any CPU
		{75AD67EC-189F-4DF7-80A6-5DABC5B77A64}.Release|ARM.ActiveCfg = Release|Any CPU
		{75AD67EC-189F-4DF7-80A6-5DABC5B77A64}.Release|ARM.Build.0 = Release|Any CPU
		{75AD67EC-189F-4DF7-80A6-5DABC5B77A64}.Release|x64.ActiveCfg = Release|Any CPU
		{75AD67EC-189F-4DF7-80A6-5DABC5B77A64}.Release|x64.Build.0 = Release|Any CPU
		{75AD67EC-189F-4DF7-80A6-5DABC5B77A64}.Release|x86.ActiveCfg = Release|Any CPU
		{75AD67EC-189F-4DF7-80A6-5DABC5B77A64}.Release|x86.Build.0 = Release|Any CPU
	EndGlobalSection
	GlobalSection(SolutionProperties) = preSolution
		HideSolutionNode = FALSE
	EndGlobalSection
EndGlobal
